
Microsoft Visual Studio Solution File, Format Version 12.00
# Visual Studio Version 16
VisualStudioVersion = 16.0.30907.101
MinimumVisualStudioVersion = 10.0.40219.1
Project("{FAE04EC0-301F-11D3-BF4B-00C04F79EFBC}") = "EjemploEF", "EjemploEF.csproj", "{D51D8493-22C8-420D-B7E3-B15751782E62}"
EndProject
Global
	GlobalSection(SolutionConfigurationPlatforms) = preSolution
		Debug|Any CPU = Debug|Any CPU
		Release|Any CPU = Release|Any CPU
	EndGlobalSection
	GlobalSection(ProjectConfigurationPlatforms) = postSolution
		{D51D8493-22C8-420D-B7E3-B15751782E62}.Debug|Any CPU.ActiveCfg = Debug|Any CPU
		{D51D8493-22C8-420D-B7E3-B15751782E62}.Debug|Any CPU.Build.0 = Debug|Any CPU
		{D51D8493-22C8-420D-B7E3-B15751782E62}.Release|Any CPU.ActiveCfg = Release|Any CPU
		{D51D8493-22C8-420D-B7E3-B15751782E62}.Release|Any CPU.Build.0 = Release|Any CPU
	EndGlobalSection
	GlobalSection(SolutionProperties) = preSolution
		HideSolutionNode = FALSE
	EndGlobalSection
	GlobalSection(ExtensibilityGlobals) = postSolution
		SolutionGuid = {B58D45D1-E439-4775-B538-635AD1C652E8}
	EndGlobalSection
EndGlobal
